
Microsoft Visual Studio Solution File, Format Version 12.00
# Visual Studio Version 17
VisualStudioVersion = 17.11.35327.3
MinimumVisualStudioVersion = 10.0.40219.1
Project("{888888A0-9F3D-457C-B088-3A5042F75D52}") = "RollinButcher_FinalProject", "RollinButcher_FinalProject\RollinButcher_FinalProject.pyproj", "{E525183B-9B97-42F2-9AC4-FC1E70A39083}"
EndProject
Global
	GlobalSection(SolutionConfigurationPlatforms) = preSolution
		Debug|Any CPU = Debug|Any CPU
		Release|Any CPU = Release|Any CPU
	EndGlobalSection
	GlobalSection(ProjectConfigurationPlatforms) = postSolution
		{E525183B-9B97-42F2-9AC4-FC1E70A39083}.Debug|Any CPU.ActiveCfg = Debug|Any CPU
		{E525183B-9B97-42F2-9AC4-FC1E70A39083}.Release|Any CPU.ActiveCfg = Release|Any CPU
	EndGlobalSection
	GlobalSection(SolutionProperties) = preSolution
		HideSolutionNode = FALSE
	EndGlobalSection
	GlobalSection(ExtensibilityGlobals) = postSolution
		SolutionGuid = {43655ABC-28E3-49FA-AF6E-57B1B3673BBD}
	EndGlobalSection
EndGlobal
